// !$*UTF8*$!
{
	archiveVersion = 1;
	classes = {
	};
	objectVersion = 51;
	objects = {

/* Begin PBXBuildFile section */
		BE1876DB2A980625007E2D46 /* ListOrdersViewController.swift in Sources */ = {isa = PBXBuildFile; fileRef = BE1876DA2A980625007E2D46 /* ListOrdersViewController.swift */; };
		BE1DE51B2A940263004D5307 /* CardView.swift in Sources */ = {isa = PBXBuildFile; fileRef = BE1DE51A2A940263004D5307 /* CardView.swift */; };
		BE1E4EF42A95E0E10074F8DC /* DishDetailViewController.swift in Sources */ = {isa = PBXBuildFile; fileRef = BE1E4EF32A95E0E10074F8DC /* DishDetailViewController.swift */; };
		BE2A13C92A855BE300FDDDF5 /* OnboardingViewController.swift in Sources */ = {isa = PBXBuildFile; fileRef = BE2A13C82A855BE300FDDDF5 /* OnboardingViewController.swift */; };
		BE2A13CC2A85651500FDDDF5 /* Extentions + UIView.swift in Sources */ = {isa = PBXBuildFile; fileRef = BE2A13CB2A85651500FDDDF5 /* Extentions + UIView.swift */; };
		BE2A13CE2A8568AB00FDDDF5 /* Onboardingslide.swift in Sources */ = {isa = PBXBuildFile; fileRef = BE2A13CD2A8568AB00FDDDF5 /* Onboardingslide.swift */; };
		BE2A13D02A856F4800FDDDF5 /* OnboardingCollectionViewCell.swift in Sources */ = {isa = PBXBuildFile; fileRef = BE2A13CF2A856F4800FDDDF5 /* OnboardingCollectionViewCell.swift */; };
		BE2F4DA42A96E67900E53744 /* DishListTabelViewCell.swift in Sources */ = {isa = PBXBuildFile; fileRef = BE2F4DA22A96E67900E53744 /* DishListTabelViewCell.swift */; };
		BE2F4DA52A96E67900E53744 /* DishListTabelViewCell.xib in Resources */ = {isa = PBXBuildFile; fileRef = BE2F4DA32A96E67900E53744 /* DishListTabelViewCell.xib */; };
		BE2F4DA92A96FEB800E53744 /* ListDishesViewController.swift in Sources */ = {isa = PBXBuildFile; fileRef = BE2F4DA82A96FEB800E53744 /* ListDishesViewController.swift */; };
		BE307B762A8DB38C007B2896 /* homeVC.swift in Sources */ = {isa = PBXBuildFile; fileRef = BE307B752A8DB38C007B2896 /* homeVC.swift */; };
		BE468A702A94483300F38768 /* DishPortraitCollectionViewCell.swift in Sources */ = {isa = PBXBuildFile; fileRef = BE468A6E2A94483300F38768 /* DishPortraitCollectionViewCell.swift */; };
		BE468A712A94483300F38768 /* DishPortraitCollectionViewCell.xib in Resources */ = {isa = PBXBuildFile; fileRef = BE468A6F2A94483300F38768 /* DishPortraitCollectionViewCell.xib */; };
		BE468A732A944E8E00F38768 /* Dish.swift in Sources */ = {isa = PBXBuildFile; fileRef = BE468A722A944E8E00F38768 /* Dish.swift */; };
		BE468A772A94936900F38768 /* DishLandscapeCollectionViewCell.swift in Sources */ = {isa = PBXBuildFile; fileRef = BE468A752A94936900F38768 /* DishLandscapeCollectionViewCell.swift */; };
		BE468A782A94936900F38768 /* DishLandscapeCollectionViewCell.xib in Resources */ = {isa = PBXBuildFile; fileRef = BE468A762A94936900F38768 /* DishLandscapeCollectionViewCell.xib */; };
		BE46A3272A91C6E300B598DA /* String + Extention .swift in Sources */ = {isa = PBXBuildFile; fileRef = BE46A3262A91C6E300B598DA /* String + Extention .swift */; };
		BE7B772F2A841305005A4A1E /* AppDelegate.swift in Sources */ = {isa = PBXBuildFile; fileRef = BE7B772E2A841305005A4A1E /* AppDelegate.swift */; };
		BE7B77342A841305005A4A1E /* Main.storyboard in Resources */ = {isa = PBXBuildFile; fileRef = BE7B77322A841305005A4A1E /* Main.storyboard */; };
		BE7B77362A841306005A4A1E /* Assets.xcassets in Resources */ = {isa = PBXBuildFile; fileRef = BE7B77352A841306005A4A1E /* Assets.xcassets */; };
		BE7B77392A841306005A4A1E /* LaunchScreen.storyboard in Resources */ = {isa = PBXBuildFile; fileRef = BE7B77372A841306005A4A1E /* LaunchScreen.storyboard */; };
		BEBB00FF2A983449002031BE /* Orders.swift in Sources */ = {isa = PBXBuildFile; fileRef = BEBB00FE2A983449002031BE /* Orders.swift */; };
		BEC5684E2A91BC9800F17DD3 /* CategoryCollectionViewCell.swift in Sources */ = {isa = PBXBuildFile; fileRef = BEC5684C2A91BC9800F17DD3 /* CategoryCollectionViewCell.swift */; };
		BEC5684F2A91BC9800F17DD3 /* CategoryCollectionViewCell.xib in Resources */ = {isa = PBXBuildFile; fileRef = BEC5684D2A91BC9800F17DD3 /* CategoryCollectionViewCell.xib */; };
		BEC568512A91C03800F17DD3 /* DishCategory.swift in Sources */ = {isa = PBXBuildFile; fileRef = BEC568502A91C03800F17DD3 /* DishCategory.swift */; };
		BECC328D2A9E52F000B0E63D /* Constant.swift in Sources */ = {isa = PBXBuildFile; fileRef = BECC328C2A9E52F000B0E63D /* Constant.swift */; };
		BED264262A9B4655002005AF /* ApiManger.temp_caseinsensitive_rename.swift in Sources */ = {isa = PBXBuildFile; fileRef = BED264252A9B4655002005AF /* ApiManger.temp_caseinsensitive_rename.swift */; };
		BED264282A9B7ACD002005AF /* ResponseModels.swift in Sources */ = {isa = PBXBuildFile; fileRef = BED264272A9B7ACD002005AF /* ResponseModels.swift */; };
		E741426362424917F5E1E824 /* Pods_Yummie.framework in Frameworks */ = {isa = PBXBuildFile; fileRef = 59366F0118A2C1130993330A /* Pods_Yummie.framework */; };
/* End PBXBuildFile section */

/* Begin PBXFileReference section */
		4400826C10FF57C93D00CC1E /* Pods-Yummie.debug.xcconfig */ = {isa = PBXFileReference; includeInIndex = 1; lastKnownFileType = text.xcconfig; name = "Pods-Yummie.debug.xcconfig"; path = "Target Support Files/Pods-Yummie/Pods-Yummie.debug.xcconfig"; sourceTree = "<group>"; };
		59366F0118A2C1130993330A /* Pods_Yummie.framework */ = {isa = PBXFileReference; explicitFileType = wrapper.framework; includeInIndex = 0; path = Pods_Yummie.framework; sourceTree = BUILT_PRODUCTS_DIR; };
		B9D10AA09EA9246EE43AAED4 /* Pods-Yummie.release.xcconfig */ = {isa = PBXFileReference; includeInIndex = 1; lastKnownFileType = text.xcconfig; name = "Pods-Yummie.release.xcconfig"; path = "Target Support Files/Pods-Yummie/Pods-Yummie.release.xcconfig"; sourceTree = "<group>"; };
		BE1876DA2A980625007E2D46 /* ListOrdersViewController.swift */ = {isa = PBXFileReference; lastKnownFileType = sourcecode.swift; path = ListOrdersViewController.swift; sourceTree = "<group>"; };
		BE1DE51A2A940263004D5307 /* CardView.swift */ = {isa = PBXFileReference; lastKnownFileType = sourcecode.swift; path = CardView.swift; sourceTree = "<group>"; };
		BE1E4EF32A95E0E10074F8DC /* DishDetailViewController.swift */ = {isa = PBXFileReference; lastKnownFileType = sourcecode.swift; path = DishDetailViewController.swift; sourceTree = "<group>"; };
		BE2A13C82A855BE300FDDDF5 /* OnboardingViewController.swift */ = {isa = PBXFileReference; lastKnownFileType = sourcecode.swift; path = OnboardingViewController.swift; sourceTree = "<group>"; };
		BE2A13CB2A85651500FDDDF5 /* Extentions + UIView.swift */ = {isa = PBXFileReference; lastKnownFileType = sourcecode.swift; path = "Extentions + UIView.swift"; sourceTree = "<group>"; };
		BE2A13CD2A8568AB00FDDDF5 /* Onboardingslide.swift */ = {isa = PBXFileReference; lastKnownFileType = sourcecode.swift; path = Onboardingslide.swift; sourceTree = "<group>"; };
		BE2A13CF2A856F4800FDDDF5 /* OnboardingCollectionViewCell.swift */ = {isa = PBXFileReference; lastKnownFileType = sourcecode.swift; path = OnboardingCollectionViewCell.swift; sourceTree = "<group>"; };
		BE2F4DA22A96E67900E53744 /* DishListTabelViewCell.swift */ = {isa = PBXFileReference; lastKnownFileType = sourcecode.swift; path = DishListTabelViewCell.swift; sourceTree = "<group>"; };
		BE2F4DA32A96E67900E53744 /* DishListTabelViewCell.xib */ = {isa = PBXFileReference; lastKnownFileType = file.xib; path = DishListTabelViewCell.xib; sourceTree = "<group>"; };
		BE2F4DA82A96FEB800E53744 /* ListDishesViewController.swift */ = {isa = PBXFileReference; lastKnownFileType = sourcecode.swift; path = ListDishesViewController.swift; sourceTree = "<group>"; };
		BE307B752A8DB38C007B2896 /* homeVC.swift */ = {isa = PBXFileReference; lastKnownFileType = sourcecode.swift; path = homeVC.swift; sourceTree = "<group>"; };
		BE468A6E2A94483300F38768 /* DishPortraitCollectionViewCell.swift */ = {isa = PBXFileReference; lastKnownFileType = sourcecode.swift; path = DishPortraitCollectionViewCell.swift; sourceTree = "<group>"; };
		BE468A6F2A94483300F38768 /* DishPortraitCollectionViewCell.xib */ = {isa = PBXFileReference; lastKnownFileType = file.xib; path = DishPortraitCollectionViewCell.xib; sourceTree = "<group>"; };
		BE468A722A944E8E00F38768 /* Dish.swift */ = {isa = PBXFileReference; lastKnownFileType = sourcecode.swift; path = Dish.swift; sourceTree = "<group>"; };
		BE468A752A94936900F38768 /* DishLandscapeCollectionViewCell.swift */ = {isa = PBXFileReference; lastKnownFileType = sourcecode.swift; path = DishLandscapeCollectionViewCell.swift; sourceTree = "<group>"; };
		BE468A762A94936900F38768 /* DishLandscapeCollectionViewCell.xib */ = {isa = PBXFileReference; lastKnownFileType = file.xib; path = DishLandscapeCollectionViewCell.xib; sourceTree = "<group>"; };
		BE46A3262A91C6E300B598DA /* String + Extention .swift */ = {isa = PBXFileReference; lastKnownFileType = sourcecode.swift; path = "String + Extention .swift"; sourceTree = "<group>"; };
		BE7B772B2A841305005A4A1E /* Yummie.app */ = {isa = PBXFileReference; explicitFileType = wrapper.application; includeInIndex = 0; path = Yummie.app; sourceTree = BUILT_PRODUCTS_DIR; };
		BE7B772E2A841305005A4A1E /* AppDelegate.swift */ = {isa = PBXFileReference; lastKnownFileType = sourcecode.swift; path = AppDelegate.swift; sourceTree = "<group>"; };
		BE7B77332A841305005A4A1E /* Base */ = {isa = PBXFileReference; lastKnownFileType = file.storyboard; name = Base; path = Base.lproj/Main.storyboard; sourceTree = "<group>"; };
		BE7B77352A841306005A4A1E /* Assets.xcassets */ = {isa = PBXFileReference; lastKnownFileType = folder.assetcatalog; path = Assets.xcassets; sourceTree = "<group>"; };
		BE7B77382A841306005A4A1E /* Base */ = {isa = PBXFileReference; lastKnownFileType = file.storyboard; name = Base; path = Base.lproj/LaunchScreen.storyboard; sourceTree = "<group>"; };
		BE7B773A2A841306005A4A1E /* Info.plist */ = {isa = PBXFileReference; lastKnownFileType = text.plist.xml; path = Info.plist; sourceTree = "<group>"; };
		BEBB00FE2A983449002031BE /* Orders.swift */ = {isa = PBXFileReference; lastKnownFileType = sourcecode.swift; path = Orders.swift; sourceTree = "<group>"; };
		BEC5684C2A91BC9800F17DD3 /* CategoryCollectionViewCell.swift */ = {isa = PBXFileReference; lastKnownFileType = sourcecode.swift; path = CategoryCollectionViewCell.swift; sourceTree = "<group>"; };
		BEC5684D2A91BC9800F17DD3 /* CategoryCollectionViewCell.xib */ = {isa = PBXFileReference; lastKnownFileType = file.xib; path = CategoryCollectionViewCell.xib; sourceTree = "<group>"; };
		BEC568502A91C03800F17DD3 /* DishCategory.swift */ = {isa = PBXFileReference; lastKnownFileType = sourcecode.swift; path = DishCategory.swift; sourceTree = "<group>"; };
		BECC328C2A9E52F000B0E63D /* Constant.swift */ = {isa = PBXFileReference; lastKnownFileType = sourcecode.swift; path = Constant.swift; sourceTree = "<group>"; };
		BED264252A9B4655002005AF /* ApiManger.temp_caseinsensitive_rename.swift */ = {isa = PBXFileReference; lastKnownFileType = sourcecode.swift; path = ApiManger.temp_caseinsensitive_rename.swift; sourceTree = "<group>"; };
		BED264272A9B7ACD002005AF /* ResponseModels.swift */ = {isa = PBXFileReference; lastKnownFileType = sourcecode.swift; path = ResponseModels.swift; sourceTree = "<group>"; };
/* End PBXFileReference section */

/* Begin PBXFrameworksBuildPhase section */
		BE7B77282A841305005A4A1E /* Frameworks */ = {
			isa = PBXFrameworksBuildPhase;
			buildActionMask = 2147483647;
			files = (
				E741426362424917F5E1E824 /* Pods_Yummie.framework in Frameworks */,
			);
			runOnlyForDeploymentPostprocessing = 0;
		};
/* End PBXFrameworksBuildPhase section */

/* Begin PBXGroup section */
		0B1ED82CD9C09CC442516E2D /* Frameworks */ = {
			isa = PBXGroup;
			children = (
				59366F0118A2C1130993330A /* Pods_Yummie.framework */,
			);
			name = Frameworks;
			sourceTree = "<group>";
		};
		9BDF38DACFED62E51BDD4E81 /* Pods */ = {
			isa = PBXGroup;
			children = (
				4400826C10FF57C93D00CC1E /* Pods-Yummie.debug.xcconfig */,
				B9D10AA09EA9246EE43AAED4 /* Pods-Yummie.release.xcconfig */,
			);
			path = Pods;
			sourceTree = "<group>";
		};
		BE1876D92A98060C007E2D46 /* ListOrders */ = {
			isa = PBXGroup;
			children = (
				BE1876DA2A980625007E2D46 /* ListOrdersViewController.swift */,
			);
			path = ListOrders;
			sourceTree = "<group>";
		};
		BE1DE5192A940248004D5307 /* cardView */ = {
			isa = PBXGroup;
			children = (
				BE1DE51A2A940263004D5307 /* CardView.swift */,
			);
			path = cardView;
			sourceTree = "<group>";
		};
		BE1E4EF22A95E0A40074F8DC /* DishDetail */ = {
			isa = PBXGroup;
			children = (
				BE1E4EF32A95E0E10074F8DC /* DishDetailViewController.swift */,
			);
			path = DishDetail;
			sourceTree = "<group>";
		};
		BE2A13C42A855B0500FDDDF5 /* Models */ = {
			isa = PBXGroup;
			children = (
				BE2A13CD2A8568AB00FDDDF5 /* Onboardingslide.swift */,
				BEC568502A91C03800F17DD3 /* DishCategory.swift */,
				BE468A722A944E8E00F38768 /* Dish.swift */,
				BEBB00FE2A983449002031BE /* Orders.swift */,
			);
			path = Models;
			sourceTree = "<group>";
		};
		BE2A13C52A855B1100FDDDF5 /* Views */ = {
			isa = PBXGroup;
			children = (
				BE1876D92A98060C007E2D46 /* ListOrders */,
				BE2F4DA62A96FE5C00E53744 /* ListDishes */,
				BE1E4EF22A95E0A40074F8DC /* DishDetail */,
				BE307B742A8DB369007B2896 /* Home */,
				BE2A13C72A855BAB00FDDDF5 /* Onboarding */,
			);
			path = Views;
			sourceTree = "<group>";
		};
		BE2A13C62A855B2400FDDDF5 /* CustomsViews */ = {
			isa = PBXGroup;
			children = (
				BE2F4DA02A96E60800E53744 /* TabelViewCells */,
				BE1DE5192A940248004D5307 /* cardView */,
				BEC5684A2A91BC4700F17DD3 /* CollectionViewCells */,
			);
			path = CustomsViews;
			sourceTree = "<group>";
		};
		BE2A13C72A855BAB00FDDDF5 /* Onboarding */ = {
			isa = PBXGroup;
			children = (
				BE2A13C82A855BE300FDDDF5 /* OnboardingViewController.swift */,
				BE2A13CF2A856F4800FDDDF5 /* OnboardingCollectionViewCell.swift */,
			);
			path = Onboarding;
			sourceTree = "<group>";
		};
		BE2A13CA2A8564DB00FDDDF5 /* Extentions */ = {
			isa = PBXGroup;
			children = (
				BE2A13CB2A85651500FDDDF5 /* Extentions + UIView.swift */,
				BE46A3262A91C6E300B598DA /* String + Extention .swift */,
			);
			path = Extentions;
			sourceTree = "<group>";
		};
		BE2F4DA02A96E60800E53744 /* TabelViewCells */ = {
			isa = PBXGroup;
			children = (
				BE2F4DA12A96E61500E53744 /* DishListTabelViewCell */,
			);
			path = TabelViewCells;
			sourceTree = "<group>";
		};
		BE2F4DA12A96E61500E53744 /* DishListTabelViewCell */ = {
			isa = PBXGroup;
			children = (
				BE2F4DA22A96E67900E53744 /* DishListTabelViewCell.swift */,
				BE2F4DA32A96E67900E53744 /* DishListTabelViewCell.xib */,
			);
			path = DishListTabelViewCell;
			sourceTree = "<group>";
		};
		BE2F4DA62A96FE5C00E53744 /* ListDishes */ = {
			isa = PBXGroup;
			children = (
				BE2F4DA82A96FEB800E53744 /* ListDishesViewController.swift */,
			);
			path = ListDishes;
			sourceTree = "<group>";
		};
		BE307B742A8DB369007B2896 /* Home */ = {
			isa = PBXGroup;
			children = (
				BE307B752A8DB38C007B2896 /* homeVC.swift */,
			);
			path = Home;
			sourceTree = "<group>";
		};
		BE43C3242A9AE30B003325D4 /* Networking */ = {
			isa = PBXGroup;
			children = (
				BED264252A9B4655002005AF /* ApiManger.temp_caseinsensitive_rename.swift */,
				BED264272A9B7ACD002005AF /* ResponseModels.swift */,
			);
			path = Networking;
			sourceTree = "<group>";
		};
		BE468A6D2A9447EF00F38768 /* DishPortraitCollectionviewCell */ = {
			isa = PBXGroup;
			children = (
				BE468A6E2A94483300F38768 /* DishPortraitCollectionViewCell.swift */,
				BE468A6F2A94483300F38768 /* DishPortraitCollectionViewCell.xib */,
			);
			path = DishPortraitCollectionviewCell;
			sourceTree = "<group>";
		};
		BE468A742A94934000F38768 /* DishLandscapeCollectionViewCell */ = {
			isa = PBXGroup;
			children = (
				BE468A752A94936900F38768 /* DishLandscapeCollectionViewCell.swift */,
				BE468A762A94936900F38768 /* DishLandscapeCollectionViewCell.xib */,
			);
			path = DishLandscapeCollectionViewCell;
			sourceTree = "<group>";
		};
		BE7B77222A841305005A4A1E = {
			isa = PBXGroup;
			children = (
				BE7B772D2A841305005A4A1E /* Yummie */,
				BE7B772C2A841305005A4A1E /* Products */,
				9BDF38DACFED62E51BDD4E81 /* Pods */,
				0B1ED82CD9C09CC442516E2D /* Frameworks */,
			);
			sourceTree = "<group>";
		};
		BE7B772C2A841305005A4A1E /* Products */ = {
			isa = PBXGroup;
			children = (
				BE7B772B2A841305005A4A1E /* Yummie.app */,
			);
			name = Products;
			sourceTree = "<group>";
		};
		BE7B772D2A841305005A4A1E /* Yummie */ = {
			isa = PBXGroup;
			children = (
				BE43C3242A9AE30B003325D4 /* Networking */,
				BE2A13CA2A8564DB00FDDDF5 /* Extentions */,
				BE2A13C62A855B2400FDDDF5 /* CustomsViews */,
				BE2A13C52A855B1100FDDDF5 /* Views */,
				BE2A13C42A855B0500FDDDF5 /* Models */,
				BECC32892A9E526200B0E63D /* SupportingFile */,
				BECC328A2A9E529600B0E63D /* StoryBoard */,
				BECC328B2A9E52D000B0E63D /* Utilities */,
				BE7B773A2A841306005A4A1E /* Info.plist */,
			);
			path = Yummie;
			sourceTree = "<group>";
		};
		BEC5684A2A91BC4700F17DD3 /* CollectionViewCells */ = {
			isa = PBXGroup;
			children = (
				BE468A742A94934000F38768 /* DishLandscapeCollectionViewCell */,
				BE468A6D2A9447EF00F38768 /* DishPortraitCollectionviewCell */,
				BEC5684B2A91BC6000F17DD3 /* CategoryCollectionViewCell */,
			);
			path = CollectionViewCells;
			sourceTree = "<group>";
		};
		BEC5684B2A91BC6000F17DD3 /* CategoryCollectionViewCell */ = {
			isa = PBXGroup;
			children = (
				BEC5684C2A91BC9800F17DD3 /* CategoryCollectionViewCell.swift */,
				BEC5684D2A91BC9800F17DD3 /* CategoryCollectionViewCell.xib */,
			);
			path = CategoryCollectionViewCell;
			sourceTree = "<group>";
		};
		BECC32892A9E526200B0E63D /* SupportingFile */ = {
			isa = PBXGroup;
			children = (
				BE7B772E2A841305005A4A1E /* AppDelegate.swift */,
				BE7B77352A841306005A4A1E /* Assets.xcassets */,
				BE7B77372A841306005A4A1E /* LaunchScreen.storyboard */,
			);
			path = SupportingFile;
			sourceTree = "<group>";
		};
		BECC328A2A9E529600B0E63D /* StoryBoard */ = {
			isa = PBXGroup;
			children = (
				BE7B77322A841305005A4A1E /* Main.storyboard */,
			);
			path = StoryBoard;
			sourceTree = "<group>";
		};
		BECC328B2A9E52D000B0E63D /* Utilities */ = {
			isa = PBXGroup;
			children = (
				BECC328C2A9E52F000B0E63D /* Constant.swift */,
			);
			path = Utilities;
			sourceTree = "<group>";
		};
/* End PBXGroup section */

/* Begin PBXNativeTarget section */
		BE7B772A2A841305005A4A1E /* Yummie */ = {
			isa = PBXNativeTarget;
			buildConfigurationList = BE7B773D2A841306005A4A1E /* Build configuration list for PBXNativeTarget "Yummie" */;
			buildPhases = (
				9CCFD66ED4DE953143DF4E5A /* [CP] Check Pods Manifest.lock */,
				BE7B77272A841305005A4A1E /* Sources */,
				BE7B77282A841305005A4A1E /* Frameworks */,
				BE7B77292A841305005A4A1E /* Resources */,
				5E5A75FCAEBF898B7272B259 /* [CP] Embed Pods Frameworks */,
			);
			buildRules = (
			);
			dependencies = (
			);
			name = Yummie;
			productName = Yummie;
			productReference = BE7B772B2A841305005A4A1E /* Yummie.app */;
			productType = "com.apple.product-type.application";
		};
/* End PBXNativeTarget section */

/* Begin PBXProject section */
		BE7B77232A841305005A4A1E /* Project object */ = {
			isa = PBXProject;
			attributes = {
				LastSwiftUpdateCheck = 1030;
				LastUpgradeCheck = 1030;
				ORGANIZATIONNAME = "Nasser Co";
				TargetAttributes = {
					BE7B772A2A841305005A4A1E = {
						CreatedOnToolsVersion = 10.3;
					};
				};
			};
			buildConfigurationList = BE7B77262A841305005A4A1E /* Build configuration list for PBXProject "Yummie" */;
			compatibilityVersion = "Xcode 10.0";
			developmentRegion = en;
			hasScannedForEncodings = 0;
			knownRegions = (
				en,
				Base,
			);
			mainGroup = BE7B77222A841305005A4A1E;
			productRefGroup = BE7B772C2A841305005A4A1E /* Products */;
			projectDirPath = "";
			projectRoot = "";
			targets = (
				BE7B772A2A841305005A4A1E /* Yummie */,
			);
		};
/* End PBXProject section */

/* Begin PBXResourcesBuildPhase section */
		BE7B77292A841305005A4A1E /* Resources */ = {
			isa = PBXResourcesBuildPhase;
			buildActionMask = 2147483647;
			files = (
				BE7B77392A841306005A4A1E /* LaunchScreen.storyboard in Resources */,
				BE7B77362A841306005A4A1E /* Assets.xcassets in Resources */,
				BE468A712A94483300F38768 /* DishPortraitCollectionViewCell.xib in Resources */,
				BEC5684F2A91BC9800F17DD3 /* CategoryCollectionViewCell.xib in Resources */,
				BE2F4DA52A96E67900E53744 /* DishListTabelViewCell.xib in Resources */,
				BE468A782A94936900F38768 /* DishLandscapeCollectionViewCell.xib in Resources */,
				BE7B77342A841305005A4A1E /* Main.storyboard in Resources */,
			);
			runOnlyForDeploymentPostprocessing = 0;
		};
/* End PBXResourcesBuildPhase section */

/* Begin PBXShellScriptBuildPhase section */
		5E5A75FCAEBF898B7272B259 /* [CP] Embed Pods Frameworks */ = {
			isa = PBXShellScriptBuildPhase;
			buildActionMask = 2147483647;
			files = (
			);
			inputFileListPaths = (
				"${PODS_ROOT}/Target Support Files/Pods-Yummie/Pods-Yummie-frameworks-${CONFIGURATION}-input-files.xcfilelist",
			);
			name = "[CP] Embed Pods Frameworks";
			outputFileListPaths = (
				"${PODS_ROOT}/Target Support Files/Pods-Yummie/Pods-Yummie-frameworks-${CONFIGURATION}-output-files.xcfilelist",
			);
			runOnlyForDeploymentPostprocessing = 0;
			shellPath = /bin/sh;
			shellScript = "\"${PODS_ROOT}/Target Support Files/Pods-Yummie/Pods-Yummie-frameworks.sh\"\n";
			showEnvVarsInLog = 0;
		};
		9CCFD66ED4DE953143DF4E5A /* [CP] Check Pods Manifest.lock */ = {
			isa = PBXShellScriptBuildPhase;
			buildActionMask = 2147483647;
			files = (
			);
			inputFileListPaths = (
			);
			inputPaths = (
				"${PODS_PODFILE_DIR_PATH}/Podfile.lock",
				"${PODS_ROOT}/Manifest.lock",
			);
			name = "[CP] Check Pods Manifest.lock";
			outputFileListPaths = (
			);
			outputPaths = (
				"$(DERIVED_FILE_DIR)/Pods-Yummie-checkManifestLockResult.txt",
			);
			runOnlyForDeploymentPostprocessing = 0;
			shellPath = /bin/sh;
			shellScript = "diff \"${PODS_PODFILE_DIR_PATH}/Podfile.lock\" \"${PODS_ROOT}/Manifest.lock\" > /dev/null\nif [ $? != 0 ] ; then\n    # print error to STDERR\n    echo \"error: The sandbox is not in sync with the Podfile.lock. Run 'pod install' or update your CocoaPods installation.\" >&2\n    exit 1\nfi\n# This output is used by Xcode 'outputs' to avoid re-running this script phase.\necho \"SUCCESS\" > \"${SCRIPT_OUTPUT_FILE_0}\"\n";
			showEnvVarsInLog = 0;
		};
/* End PBXShellScriptBuildPhase section */

/* Begin PBXSourcesBuildPhase section */
		BE7B77272A841305005A4A1E /* Sources */ = {
			isa = PBXSourcesBuildPhase;
			buildActionMask = 2147483647;
			files = (
				BE46A3272A91C6E300B598DA /* String + Extention .swift in Sources */,
				BE1876DB2A980625007E2D46 /* ListOrdersViewController.swift in Sources */,
				BE1E4EF42A95E0E10074F8DC /* DishDetailViewController.swift in Sources */,
				BE2A13CE2A8568AB00FDDDF5 /* Onboardingslide.swift in Sources */,
				BE307B762A8DB38C007B2896 /* homeVC.swift in Sources */,
				BE2F4DA92A96FEB800E53744 /* ListDishesViewController.swift in Sources */,
				BEBB00FF2A983449002031BE /* Orders.swift in Sources */,
				BE7B772F2A841305005A4A1E /* AppDelegate.swift in Sources */,
				BE1DE51B2A940263004D5307 /* CardView.swift in Sources */,
				BEC568512A91C03800F17DD3 /* DishCategory.swift in Sources */,
				BED264262A9B4655002005AF /* ApiManger.temp_caseinsensitive_rename.swift in Sources */,
				BEC5684E2A91BC9800F17DD3 /* CategoryCollectionViewCell.swift in Sources */,
				BE2F4DA42A96E67900E53744 /* DishListTabelViewCell.swift in Sources */,
				BE2A13D02A856F4800FDDDF5 /* OnboardingCollectionViewCell.swift in Sources */,
				BECC328D2A9E52F000B0E63D /* Constant.swift in Sources */,
				BE2A13C92A855BE300FDDDF5 /* OnboardingViewController.swift in Sources */,
				BE468A732A944E8E00F38768 /* Dish.swift in Sources */,
				BE468A702A94483300F38768 /* DishPortraitCollectionViewCell.swift in Sources */,
				BE2A13CC2A85651500FDDDF5 /* Extentions + UIView.swift in Sources */,
				BED264282A9B7ACD002005AF /* ResponseModels.swift in Sources */,
				BE468A772A94936900F38768 /* DishLandscapeCollectionViewCell.swift in Sources */,
			);
			runOnlyForDeploymentPostprocessing = 0;
		};
/* End PBXSourcesBuildPhase section */

/* Begin PBXVariantGroup section */
		BE7B77322A841305005A4A1E /* Main.storyboard */ = {
			isa = PBXVariantGroup;
			children = (
				BE7B77332A841305005A4A1E /* Base */,
			);
			name = Main.storyboard;
			sourceTree = "<group>";
		};
		BE7B77372A841306005A4A1E /* LaunchScreen.storyboard */ = {
			isa = PBXVariantGroup;
			children = (
				BE7B77382A841306005A4A1E /* Base */,
			);
			name = LaunchScreen.storyboard;
			sourceTree = "<group>";
		};
/* End PBXVariantGroup section */

/* Begin XCBuildConfiguration section */
		BE7B773B2A841306005A4A1E /* Debug */ = {
			isa = XCBuildConfiguration;
			buildSettings = {
				ALWAYS_SEARCH_USER_PATHS = NO;
				CLANG_ANALYZER_NONNULL = YES;
				CLANG_ANALYZER_NUMBER_OBJECT_CONVERSION = YES_AGGRESSIVE;
				CLANG_CXX_LANGUAGE_STANDARD = "gnu++14";
				CLANG_CXX_LIBRARY = "libc++";
				CLANG_ENABLE_MODULES = YES;
				CLANG_ENABLE_OBJC_ARC = YES;
				CLANG_ENABLE_OBJC_WEAK = YES;
				CLANG_WARN_BLOCK_CAPTURE_AUTORELEASING = YES;
				CLANG_WARN_BOOL_CONVERSION = YES;
				CLANG_WARN_COMMA = YES;
				CLANG_WARN_CONSTANT_CONVERSION = YES;
				CLANG_WARN_DEPRECATED_OBJC_IMPLEMENTATIONS = YES;
				CLANG_WARN_DIRECT_OBJC_ISA_USAGE = YES_ERROR;
				CLANG_WARN_DOCUMENTATION_COMMENTS = YES;
				CLANG_WARN_EMPTY_BODY = YES;
				CLANG_WARN_ENUM_CONVERSION = YES;
				CLANG_WARN_INFINITE_RECURSION = YES;
				CLANG_WARN_INT_CONVERSION = YES;
				CLANG_WARN_NON_LITERAL_NULL_CONVERSION = YES;
				CLANG_WARN_OBJC_IMPLICIT_RETAIN_SELF = YES;
				CLANG_WARN_OBJC_LITERAL_CONVERSION = YES;
				CLANG_WARN_OBJC_ROOT_CLASS = YES_ERROR;
				CLANG_WARN_RANGE_LOOP_ANALYSIS = YES;
				CLANG_WARN_STRICT_PROTOTYPES = YES;
				CLANG_WARN_SUSPICIOUS_MOVE = YES;
				CLANG_WARN_UNGUARDED_AVAILABILITY = YES_AGGRESSIVE;
				CLANG_WARN_UNREACHABLE_CODE = YES;
				CLANG_WARN__DUPLICATE_METHOD_MATCH = YES;
				CODE_SIGN_IDENTITY = "iPhone Developer";
				COPY_PHASE_STRIP = NO;
				DEBUG_INFORMATION_FORMAT = dwarf;
				ENABLE_STRICT_OBJC_MSGSEND = YES;
				ENABLE_TESTABILITY = YES;
				GCC_C_LANGUAGE_STANDARD = gnu11;
				GCC_DYNAMIC_NO_PIC = NO;
				GCC_NO_COMMON_BLOCKS = YES;
				GCC_OPTIMIZATION_LEVEL = 0;
				GCC_PREPROCESSOR_DEFINITIONS = (
					"DEBUG=1",
					"$(inherited)",
				);
				GCC_WARN_64_TO_32_BIT_CONVERSION = YES;
				GCC_WARN_ABOUT_RETURN_TYPE = YES_ERROR;
				GCC_WARN_UNDECLARED_SELECTOR = YES;
				GCC_WARN_UNINITIALIZED_AUTOS = YES_AGGRESSIVE;
				GCC_WARN_UNUSED_FUNCTION = YES;
				GCC_WARN_UNUSED_VARIABLE = YES;
				IPHONEOS_DEPLOYMENT_TARGET = 12.4;
				MTL_ENABLE_DEBUG_INFO = INCLUDE_SOURCE;
				MTL_FAST_MATH = YES;
				ONLY_ACTIVE_ARCH = YES;
				SDKROOT = iphoneos;
				SWIFT_ACTIVE_COMPILATION_CONDITIONS = DEBUG;
				SWIFT_OPTIMIZATION_LEVEL = "-Onone";
			};
			name = Debug;
		};
		BE7B773C2A841306005A4A1E /* Release */ = {
			isa = XCBuildConfiguration;
			buildSettings = {
				ALWAYS_SEARCH_USER_PATHS = NO;
				CLANG_ANALYZER_NONNULL = YES;
				CLANG_ANALYZER_NUMBER_OBJECT_CONVERSION = YES_AGGRESSIVE;
				CLANG_CXX_LANGUAGE_STANDARD = "gnu++14";
				CLANG_CXX_LIBRARY = "libc++";
				CLANG_ENABLE_MODULES = YES;
				CLANG_ENABLE_OBJC_ARC = YES;
				CLANG_ENABLE_OBJC_WEAK = YES;
				CLANG_WARN_BLOCK_CAPTURE_AUTORELEASING = YES;
				CLANG_WARN_BOOL_CONVERSION = YES;
				CLANG_WARN_COMMA = YES;
				CLANG_WARN_CONSTANT_CONVERSION = YES;
				CLANG_WARN_DEPRECATED_OBJC_IMPLEMENTATIONS = YES;
				CLANG_WARN_DIRECT_OBJC_ISA_USAGE = YES_ERROR;
				CLANG_WARN_DOCUMENTATION_COMMENTS = YES;
				CLANG_WARN_EMPTY_BODY = YES;
				CLANG_WARN_ENUM_CONVERSION = YES;
				CLANG_WARN_INFINITE_RECURSION = YES;
				CLANG_WARN_INT_CONVERSION = YES;
				CLANG_WARN_NON_LITERAL_NULL_CONVERSION = YES;
				CLANG_WARN_OBJC_IMPLICIT_RETAIN_SELF = YES;
				CLANG_WARN_OBJC_LITERAL_CONVERSION = YES;
				CLANG_WARN_OBJC_ROOT_CLASS = YES_ERROR;
				CLANG_WARN_RANGE_LOOP_ANALYSIS = YES;
				CLANG_WARN_STRICT_PROTOTYPES = YES;
				CLANG_WARN_SUSPICIOUS_MOVE = YES;
				CLANG_WARN_UNGUARDED_AVAILABILITY = YES_AGGRESSIVE;
				CLANG_WARN_UNREACHABLE_CODE = YES;
				CLANG_WARN__DUPLICATE_METHOD_MATCH = YES;
				CODE_SIGN_IDENTITY = "iPhone Developer";
				COPY_PHASE_STRIP = NO;
				DEBUG_INFORMATION_FORMAT = "dwarf-with-dsym";
				ENABLE_NS_ASSERTIONS = NO;
				ENABLE_STRICT_OBJC_MSGSEND = YES;
				GCC_C_LANGUAGE_STANDARD = gnu11;
				GCC_NO_COMMON_BLOCKS = YES;
				GCC_WARN_64_TO_32_BIT_CONVERSION = YES;
				GCC_WARN_ABOUT_RETURN_TYPE = YES_ERROR;
				GCC_WARN_UNDECLARED_SELECTOR = YES;
				GCC_WARN_UNINITIALIZED_AUTOS = YES_AGGRESSIVE;
				GCC_WARN_UNUSED_FUNCTION = YES;
				GCC_WARN_UNUSED_VARIABLE = YES;
				IPHONEOS_DEPLOYMENT_TARGET = 12.4;
				MTL_ENABLE_DEBUG_INFO = NO;
				MTL_FAST_MATH = YES;
				SDKROOT = iphoneos;
				SWIFT_COMPILATION_MODE = wholemodule;
				SWIFT_OPTIMIZATION_LEVEL = "-O";
				VALIDATE_PRODUCT = YES;
			};
			name = Release;
		};
		BE7B773E2A841306005A4A1E /* Debug */ = {
			isa = XCBuildConfiguration;
			baseConfigurationReference = 4400826C10FF57C93D00CC1E /* Pods-Yummie.debug.xcconfig */;
			buildSettings = {
				ASSETCATALOG_COMPILER_APPICON_NAME = AppIcon;
				CODE_SIGN_STYLE = Automatic;
				INFOPLIST_FILE = Yummie/Info.plist;
				IPHONEOS_DEPLOYMENT_TARGET = 10.0;
				LD_RUNPATH_SEARCH_PATHS = (
					"$(inherited)",
					"@executable_path/Frameworks",
				);
				PRODUCT_BUNDLE_IDENTIFIER = nasser.Yummie;
				PRODUCT_NAME = "$(TARGET_NAME)";
				SWIFT_VERSION = 5.0;
				TARGETED_DEVICE_FAMILY = "1,2";
			};
			name = Debug;
		};
		BE7B773F2A841306005A4A1E /* Release */ = {
			isa = XCBuildConfiguration;
			baseConfigurationReference = B9D10AA09EA9246EE43AAED4 /* Pods-Yummie.release.xcconfig */;
			buildSettings = {
				ASSETCATALOG_COMPILER_APPICON_NAME = AppIcon;
				CODE_SIGN_STYLE = Automatic;
				INFOPLIST_FILE = Yummie/Info.plist;
				IPHONEOS_DEPLOYMENT_TARGET = 10.0;
				LD_RUNPATH_SEARCH_PATHS = (
					"$(inherited)",
					"@executable_path/Frameworks",
				);
				PRODUCT_BUNDLE_IDENTIFIER = nasser.Yummie;
				PRODUCT_NAME = "$(TARGET_NAME)";
				SWIFT_VERSION = 5.0;
				TARGETED_DEVICE_FAMILY = "1,2";
			};
			name = Release;
		};
/* End XCBuildConfiguration section */

/* Begin XCConfigurationList section */
		BE7B77262A841305005A4A1E /* Build configuration list for PBXProject "Yummie" */ = {
			isa = XCConfigurationList;
			buildConfigurations = (
				BE7B773B2A841306005A4A1E /* Debug */,
				BE7B773C2A841306005A4A1E /* Release */,
			);
			defaultConfigurationIsVisible = 0;
			defaultConfigurationName = Release;
		};
		BE7B773D2A841306005A4A1E /* Build configuration list for PBXNativeTarget "Yummie" */ = {
			isa = XCConfigurationList;
			buildConfigurations = (
				BE7B773E2A841306005A4A1E /* Debug */,
				BE7B773F2A841306005A4A1E /* Release */,
			);
			defaultConfigurationIsVisible = 0;
			defaultConfigurationName = Release;
		};
/* End XCConfigurationList section */
	};
	rootObject = BE7B77232A841305005A4A1E /* Project object */;
}
